
Microsoft Visual Studio Solution File, Format Version 12.00
# Visual Studio 14
VisualStudioVersion = 14.0.25123.0
MinimumVisualStudioVersion = 10.0.40219.1
Project("{FAE04EC0-301F-11D3-BF4B-00C04F79EFBC}") = "TestPlugin", "TestPlugin\TestPlugin.csproj", "{02B8959D-E131-4A4A-8ECB-470E08B4A4A0}"
EndProject
Project("{FAE04EC0-301F-11D3-BF4B-00C04F79EFBC}") = "Common", "..\Common\Common\Common\Common.csproj", "{0EFF1FB7-B2B2-4521-AD64-81228815E624}"
EndProject
Global
	GlobalSection(SolutionConfigurationPlatforms) = preSolution
		Debug|Any CPU = Debug|Any CPU
		Release|Any CPU = Release|Any CPU
	EndGlobalSection
	GlobalSection(ProjectConfigurationPlatforms) = postSolution
		{02B8959D-E131-4A4A-8ECB-470E08B4A4A0}.Debug|Any CPU.ActiveCfg = Debug|Any CPU
		{02B8959D-E131-4A4A-8ECB-470E08B4A4A0}.Debug|Any CPU.Build.0 = Debug|Any CPU
		{02B8959D-E131-4A4A-8ECB-470E08B4A4A0}.Release|Any CPU.ActiveCfg = Release|Any CPU
		{02B8959D-E131-4A4A-8ECB-470E08B4A4A0}.Release|Any CPU.Build.0 = Release|Any CPU
		{0EFF1FB7-B2B2-4521-AD64-81228815E624}.Debug|Any CPU.ActiveCfg = Debug|Any CPU
		{0EFF1FB7-B2B2-4521-AD64-81228815E624}.Debug|Any CPU.Build.0 = Debug|Any CPU
		{0EFF1FB7-B2B2-4521-AD64-81228815E624}.Release|Any CPU.ActiveCfg = Release|Any CPU
		{0EFF1FB7-B2B2-4521-AD64-81228815E624}.Release|Any CPU.Build.0 = Release|Any CPU
	EndGlobalSection
	GlobalSection(SolutionProperties) = preSolution
		HideSolutionNode = FALSE
	EndGlobalSection
EndGlobal
